
Microsoft Visual Studio Solution File, Format Version 12.00
# Visual Studio Version 17
VisualStudioVersion = 17.3.32929.385
MinimumVisualStudioVersion = 10.0.40219.1
Project("{FAE04EC0-301F-11D3-BF4B-00C04F79EFBC}") = "console  solvepro5", "console  solvepro5.csproj", "{274B2F7F-2560-4405-8CF0-326499F4DCC2}"
EndProject
Global
	GlobalSection(SolutionConfigurationPlatforms) = preSolution
		Debug|Any CPU = Debug|Any CPU
		Release|Any CPU = Release|Any CPU
	EndGlobalSection
	GlobalSection(ProjectConfigurationPlatforms) = postSolution
		{274B2F7F-2560-4405-8CF0-326499F4DCC2}.Debug|Any CPU.ActiveCfg = Debug|Any CPU
		{274B2F7F-2560-4405-8CF0-326499F4DCC2}.Debug|Any CPU.Build.0 = Debug|Any CPU
		{274B2F7F-2560-4405-8CF0-326499F4DCC2}.Release|Any CPU.ActiveCfg = Release|Any CPU
		{274B2F7F-2560-4405-8CF0-326499F4DCC2}.Release|Any CPU.Build.0 = Release|Any CPU
	EndGlobalSection
	GlobalSection(SolutionProperties) = preSolution
		HideSolutionNode = FALSE
	EndGlobalSection
	GlobalSection(ExtensibilityGlobals) = postSolution
		SolutionGuid = {94DA9ABA-2CBE-4E5C-9FEE-10B065AC8D8F}
	EndGlobalSection
EndGlobal
